// !$*UTF8*$!
{
	archiveVersion = 1;
	classes = {
	};
	objectVersion = 48;
	objects = {

/* Begin PBXBuildFile section */
		683840741FA7844F00889E75 /* AppDelegate.swift in Sources */ = {isa = PBXBuildFile; fileRef = 683840731FA7844F00889E75 /* AppDelegate.swift */; };
		6838407A1FA7844F00889E75 /* PacManGameScene.swift in Sources */ = {isa = PBXBuildFile; fileRef = 683840791FA7844F00889E75 /* PacManGameScene.swift */; };
		6838407C1FA7844F00889E75 /* PacManGameViewController.swift in Sources */ = {isa = PBXBuildFile; fileRef = 6838407B1FA7844F00889E75 /* PacManGameViewController.swift */; };
		6838407F1FA7845000889E75 /* Main.storyboard in Resources */ = {isa = PBXBuildFile; fileRef = 6838407D1FA7845000889E75 /* Main.storyboard */; };
		683840811FA7845000889E75 /* Assets.xcassets in Resources */ = {isa = PBXBuildFile; fileRef = 683840801FA7845000889E75 /* Assets.xcassets */; };
		683840841FA7845000889E75 /* LaunchScreen.storyboard in Resources */ = {isa = PBXBuildFile; fileRef = 683840821FA7845000889E75 /* LaunchScreen.storyboard */; };
		68C8841C1FCC838C008D3FE6 /* requiem.mp3 in Resources */ = {isa = PBXBuildFile; fileRef = 68C8841B1FCC838C008D3FE6 /* requiem.mp3 */; };
		68FE5CDD1FB0D82F00D2E6FA /* GameCollectionViewController.swift in Sources */ = {isa = PBXBuildFile; fileRef = 68FE5CDC1FB0D82F00D2E6FA /* GameCollectionViewController.swift */; };
		6E453710D588EBF5C04BBF3C /* Pods_MannFit.framework in Frameworks */ = {isa = PBXBuildFile; fileRef = 8A4E1EFC07F0C694D099C760 /* Pods_MannFit.framework */; };
		8B196ABF2069557600E5A857 /* PrePromptComponents.swift in Sources */ = {isa = PBXBuildFile; fileRef = 8B196ABE2069557600E5A857 /* PrePromptComponents.swift */; };
		8B196AC120698ECD00E5A857 /* GameApparatusCompliant.swift in Sources */ = {isa = PBXBuildFile; fileRef = 8B196AC020698ECD00E5A857 /* GameApparatusCompliant.swift */; };
		8B1CC4371FF424D000C6180F /* SettingsTableViewController.swift in Sources */ = {isa = PBXBuildFile; fileRef = 8B1CC4361FF424D000C6180F /* SettingsTableViewController.swift */; };
		8B1EB876201BCD47008C6779 /* ExportDataDelegate.swift in Sources */ = {isa = PBXBuildFile; fileRef = 8B1EB875201BCD47008C6779 /* ExportDataDelegate.swift */; };
		8B28E00B1FFD5DFA0059FE6F /* PopUpViewController.swift in Sources */ = {isa = PBXBuildFile; fileRef = 8B28E00A1FFD5DFA0059FE6F /* PopUpViewController.swift */; };
		8B2A1DDD201972270031B7EE /* TestingGameViewController.swift in Sources */ = {isa = PBXBuildFile; fileRef = 8B2A1DDC201972270031B7EE /* TestingGameViewController.swift */; };
		8B2A1DDF2019730D0031B7EE /* TestingGameScene.swift in Sources */ = {isa = PBXBuildFile; fileRef = 8B2A1DDE2019730D0031B7EE /* TestingGameScene.swift */; };
		8B2A1DE1201979540031B7EE /* TestingPreGamePromptView.swift in Sources */ = {isa = PBXBuildFile; fileRef = 8B2A1DE0201979540031B7EE /* TestingPreGamePromptView.swift */; };
		8B38553A20545A3000EFD228 /* PongGameScene.swift in Sources */ = {isa = PBXBuildFile; fileRef = 8B38553720545A3000EFD228 /* PongGameScene.swift */; };
		8B38553B20545A3000EFD228 /* PongGameViewController.swift in Sources */ = {isa = PBXBuildFile; fileRef = 8B38553820545A3000EFD228 /* PongGameViewController.swift */; };
		8B38553C20545A3000EFD228 /* PongPreGamePromptView.swift in Sources */ = {isa = PBXBuildFile; fileRef = 8B38553920545A3000EFD228 /* PongPreGamePromptView.swift */; };
		8B46928E201527D2004448C9 /* GameTimeCompliant.swift in Sources */ = {isa = PBXBuildFile; fileRef = 8B46928D201527D2004448C9 /* GameTimeCompliant.swift */; };
		8B5D64A71FD2172E009A97E0 /* GameOverPromptDelegate.swift in Sources */ = {isa = PBXBuildFile; fileRef = 8B5D64A61FD2172E009A97E0 /* GameOverPromptDelegate.swift */; };
		8B64AFB51FCB3D3400C82833 /* Double+Rounder.swift in Sources */ = {isa = PBXBuildFile; fileRef = 8B64AFB41FCB3D3400C82833 /* Double+Rounder.swift */; };
		8B64AFB71FCB4D4A00C82833 /* GameOverPromptView.swift in Sources */ = {isa = PBXBuildFile; fileRef = 8B64AFB61FCB4D4A00C82833 /* GameOverPromptView.swift */; };
		8B73F94B203CA256008DC3A8 /* WaterTapGameScene.swift in Sources */ = {isa = PBXBuildFile; fileRef = 8B73F94A203CA256008DC3A8 /* WaterTapGameScene.swift */; };
		8B73F94D203CA26C008DC3A8 /* WaterTapPreGamePromptView.swift in Sources */ = {isa = PBXBuildFile; fileRef = 8B73F94C203CA26C008DC3A8 /* WaterTapPreGamePromptView.swift */; };
		8B73F951203CA296008DC3A8 /* WaterTapGameViewController.swift in Sources */ = {isa = PBXBuildFile; fileRef = 8B73F950203CA295008DC3A8 /* WaterTapGameViewController.swift */; };
		8BCFECFF1FFEA36800B418D7 /* PopUpViewAnimation.swift in Sources */ = {isa = PBXBuildFile; fileRef = 8BCFECFE1FFEA36800B418D7 /* PopUpViewAnimation.swift */; };
		8BD8E674200822A900ED2BDF /* PacmanPreGamePromptView.swift in Sources */ = {isa = PBXBuildFile; fileRef = 8BD8E673200822A900ED2BDF /* PacmanPreGamePromptView.swift */; };
		8BD8E6762008233200ED2BDF /* PreGamePromptDelegate.swift in Sources */ = {isa = PBXBuildFile; fileRef = 8BD8E6752008233200ED2BDF /* PreGamePromptDelegate.swift */; };
		8BD8E678200828DC00ED2BDF /* PreGamePromptView.swift in Sources */ = {isa = PBXBuildFile; fileRef = 8BD8E677200828DC00ED2BDF /* PreGamePromptView.swift */; };
		8BD93772202396C50056DEEA /* CircleBalanceGameViewController.swift in Sources */ = {isa = PBXBuildFile; fileRef = 8BD93771202396C50056DEEA /* CircleBalanceGameViewController.swift */; };
		8BD93774202397080056DEEA /* CircleBalanceGameScene.swift in Sources */ = {isa = PBXBuildFile; fileRef = 8BD93773202397080056DEEA /* CircleBalanceGameScene.swift */; };
		8BD937762023982A0056DEEA /* CircleBalancePreGamePromptView.swift in Sources */ = {isa = PBXBuildFile; fileRef = 8BD937752023982A0056DEEA /* CircleBalancePreGamePromptView.swift */; };
		8BE8663E205221C900DC32E4 /* UIDevice+Sizes.swift in Sources */ = {isa = PBXBuildFile; fileRef = 8BE8663D205221C900DC32E4 /* UIDevice+Sizes.swift */; };
		8BF266681FFEF37100DCCA80 /* PopUpPresentationController.swift in Sources */ = {isa = PBXBuildFile; fileRef = 8BF266671FFEF37100DCCA80 /* PopUpPresentationController.swift */; };
		A01A0A6A1FF6C9A6005DAB37 /* WorkoutTableViewCell.swift in Sources */ = {isa = PBXBuildFile; fileRef = A01A0A691FF6C9A6005DAB37 /* WorkoutTableViewCell.swift */; };
		A030C8CB1FC75B97006F591D /* GameOverDelegate.swift in Sources */ = {isa = PBXBuildFile; fileRef = A030C8CA1FC75B97006F591D /* GameOverDelegate.swift */; };
		A030C8CD1FC763E3006F591D /* CoreDataCompliant.swift in Sources */ = {isa = PBXBuildFile; fileRef = A030C8CC1FC763E3006F591D /* CoreDataCompliant.swift */; };
		A030F3251FB399D800658AA3 /* Game.swift in Sources */ = {isa = PBXBuildFile; fileRef = A030F3241FB399D800658AA3 /* Game.swift */; };
		A030F3271FB3A5B400658AA3 /* GameMenuCell.swift in Sources */ = {isa = PBXBuildFile; fileRef = A030F3261FB3A5B400658AA3 /* GameMenuCell.swift */; };
		A031461D2040C43F00EAD098 /* WorkoutDetailViewController.swift in Sources */ = {isa = PBXBuildFile; fileRef = A031461C2040C43F00EAD098 /* WorkoutDetailViewController.swift */; };
		A0421F1C1FF6D5D200B44AC3 /* Constants.swift in Sources */ = {isa = PBXBuildFile; fileRef = A0421F1B1FF6D5D100B44AC3 /* Constants.swift */; };
		A0570D201FF41AB1001CAD79 /* LowPassFilterSignal.swift in Sources */ = {isa = PBXBuildFile; fileRef = A0570D1F1FF41AB1001CAD79 /* LowPassFilterSignal.swift */; };
		A07C5D5B1FBF5AAB00A9A6F8 /* AudioEngine.swift in Sources */ = {isa = PBXBuildFile; fileRef = A07C5D5A1FBF5AAB00A9A6F8 /* AudioEngine.swift */; };
		A07C5D5D1FBF605200A9A6F8 /* BalancePath.swift in Sources */ = {isa = PBXBuildFile; fileRef = A07C5D5C1FBF605200A9A6F8 /* BalancePath.swift */; };
		A084634320475D44000C3FB7 /* AxisValueFormatter.swift in Sources */ = {isa = PBXBuildFile; fileRef = A084634220475D44000C3FB7 /* AxisValueFormatter.swift */; };
		A09ABEE9203CA89500AF649E /* HistoryViewController.swift in Sources */ = {isa = PBXBuildFile; fileRef = A09ABEE8203CA89500AF649E /* HistoryViewController.swift */; };
		A09ABEEB203CA99D00AF649E /* CalendarCell.swift in Sources */ = {isa = PBXBuildFile; fileRef = A09ABEEA203CA99D00AF649E /* CalendarCell.swift */; };
		A0B62FBE1FC73F180018151B /* CoreDataWrapper.swift in Sources */ = {isa = PBXBuildFile; fileRef = A0B62FBD1FC73F180018151B /* CoreDataWrapper.swift */; };
		A0B62FC11FC73FE50018151B /* MannFit.xcdatamodeld in Sources */ = {isa = PBXBuildFile; fileRef = A0B62FBF1FC73FE50018151B /* MannFit.xcdatamodeld */; };
		A0B62FCC1FC742B50018151B /* WorkoutItem+CoreDataClass.swift in Sources */ = {isa = PBXBuildFile; fileRef = A0B62FCA1FC742B50018151B /* WorkoutItem+CoreDataClass.swift */; };
		A0B62FCD1FC742B50018151B /* WorkoutItem+CoreDataProperties.swift in Sources */ = {isa = PBXBuildFile; fileRef = A0B62FCB1FC742B50018151B /* WorkoutItem+CoreDataProperties.swift */; };
		A0B62FD01FC7434C0018151B /* GameDataSource.swift in Sources */ = {isa = PBXBuildFile; fileRef = A0B62FCF1FC7434C0018151B /* GameDataSource.swift */; };
		A0B666471FBE1A2600A125FD /* pacman_beginning.wav in Resources */ = {isa = PBXBuildFile; fileRef = A0B666461FBE1A2600A125FD /* pacman_beginning.wav */; };
		A0C0589B1FF5A265006169E6 /* WorkoutHistoryViewController.swift in Sources */ = {isa = PBXBuildFile; fileRef = A0C0589A1FF5A265006169E6 /* WorkoutHistoryViewController.swift */; };
		A0ED3F832066D5E3009494D1 /* FilterWorkoutTableViewCell.swift in Sources */ = {isa = PBXBuildFile; fileRef = A0ED3F822066D5E3009494D1 /* FilterWorkoutTableViewCell.swift */; };
		A0ED3F852066D5F7009494D1 /* FilterWorkoutTableViewController.swift in Sources */ = {isa = PBXBuildFile; fileRef = A0ED3F842066D5F7009494D1 /* FilterWorkoutTableViewController.swift */; };
		A0ED3F872066D66F009494D1 /* Workouts.swift in Sources */ = {isa = PBXBuildFile; fileRef = A0ED3F862066D66F009494D1 /* Workouts.swift */; };
/* End PBXBuildFile section */

/* Begin PBXFileReference section */
		23B27F448DAE4984FE43AE07 /* Pods-MannFit.release.xcconfig */ = {isa = PBXFileReference; includeInIndex = 1; lastKnownFileType = text.xcconfig; name = "Pods-MannFit.release.xcconfig"; path = "Pods/Target Support Files/Pods-MannFit/Pods-MannFit.release.xcconfig"; sourceTree = "<group>"; };
		64FC5197976AE1489ABB6EE7 /* Pods-MannFit.debug.xcconfig */ = {isa = PBXFileReference; includeInIndex = 1; lastKnownFileType = text.xcconfig; name = "Pods-MannFit.debug.xcconfig"; path = "Pods/Target Support Files/Pods-MannFit/Pods-MannFit.debug.xcconfig"; sourceTree = "<group>"; };
		683840701FA7844F00889E75 /* MannFit.app */ = {isa = PBXFileReference; explicitFileType = wrapper.application; includeInIndex = 0; path = MannFit.app; sourceTree = BUILT_PRODUCTS_DIR; };
		683840731FA7844F00889E75 /* AppDelegate.swift */ = {isa = PBXFileReference; lastKnownFileType = sourcecode.swift; path = AppDelegate.swift; sourceTree = "<group>"; };
		683840791FA7844F00889E75 /* PacManGameScene.swift */ = {isa = PBXFileReference; lastKnownFileType = sourcecode.swift; path = PacManGameScene.swift; sourceTree = "<group>"; };
		6838407B1FA7844F00889E75 /* PacManGameViewController.swift */ = {isa = PBXFileReference; lastKnownFileType = sourcecode.swift; path = PacManGameViewController.swift; sourceTree = "<group>"; };
		6838407E1FA7845000889E75 /* Base */ = {isa = PBXFileReference; lastKnownFileType = file.storyboard; name = Base; path = Base.lproj/Main.storyboard; sourceTree = "<group>"; };
		683840801FA7845000889E75 /* Assets.xcassets */ = {isa = PBXFileReference; lastKnownFileType = folder.assetcatalog; path = Assets.xcassets; sourceTree = "<group>"; };
		683840831FA7845000889E75 /* Base */ = {isa = PBXFileReference; lastKnownFileType = file.storyboard; name = Base; path = Base.lproj/LaunchScreen.storyboard; sourceTree = "<group>"; };
		683840851FA7845000889E75 /* Info.plist */ = {isa = PBXFileReference; lastKnownFileType = text.plist.xml; path = Info.plist; sourceTree = "<group>"; };
		68C8841B1FCC838C008D3FE6 /* requiem.mp3 */ = {isa = PBXFileReference; lastKnownFileType = audio.mp3; path = requiem.mp3; sourceTree = "<group>"; };
		68FE5CDC1FB0D82F00D2E6FA /* GameCollectionViewController.swift */ = {isa = PBXFileReference; lastKnownFileType = sourcecode.swift; path = GameCollectionViewController.swift; sourceTree = "<group>"; };
		8A4E1EFC07F0C694D099C760 /* Pods_MannFit.framework */ = {isa = PBXFileReference; explicitFileType = wrapper.framework; includeInIndex = 0; path = Pods_MannFit.framework; sourceTree = BUILT_PRODUCTS_DIR; };
		8B196ABE2069557600E5A857 /* PrePromptComponents.swift */ = {isa = PBXFileReference; lastKnownFileType = sourcecode.swift; name = PrePromptComponents.swift; path = MannFit/Game/PrePromptComponents.swift; sourceTree = SOURCE_ROOT; };
		8B196AC020698ECD00E5A857 /* GameApparatusCompliant.swift */ = {isa = PBXFileReference; lastKnownFileType = sourcecode.swift; path = GameApparatusCompliant.swift; sourceTree = "<group>"; };
		8B1CC4361FF424D000C6180F /* SettingsTableViewController.swift */ = {isa = PBXFileReference; lastKnownFileType = sourcecode.swift; path = SettingsTableViewController.swift; sourceTree = "<group>"; };
		8B1EB875201BCD47008C6779 /* ExportDataDelegate.swift */ = {isa = PBXFileReference; lastKnownFileType = sourcecode.swift; path = ExportDataDelegate.swift; sourceTree = "<group>"; };
		8B28E00A1FFD5DFA0059FE6F /* PopUpViewController.swift */ = {isa = PBXFileReference; lastKnownFileType = sourcecode.swift; path = PopUpViewController.swift; sourceTree = "<group>"; };
		8B2A1DDC201972270031B7EE /* TestingGameViewController.swift */ = {isa = PBXFileReference; lastKnownFileType = sourcecode.swift; path = TestingGameViewController.swift; sourceTree = "<group>"; };
		8B2A1DDE2019730D0031B7EE /* TestingGameScene.swift */ = {isa = PBXFileReference; lastKnownFileType = sourcecode.swift; path = TestingGameScene.swift; sourceTree = "<group>"; };
		8B2A1DE0201979540031B7EE /* TestingPreGamePromptView.swift */ = {isa = PBXFileReference; lastKnownFileType = sourcecode.swift; path = TestingPreGamePromptView.swift; sourceTree = "<group>"; };
		8B38553720545A3000EFD228 /* PongGameScene.swift */ = {isa = PBXFileReference; fileEncoding = 4; lastKnownFileType = sourcecode.swift; path = PongGameScene.swift; sourceTree = "<group>"; };
		8B38553820545A3000EFD228 /* PongGameViewController.swift */ = {isa = PBXFileReference; fileEncoding = 4; lastKnownFileType = sourcecode.swift; path = PongGameViewController.swift; sourceTree = "<group>"; };
		8B38553920545A3000EFD228 /* PongPreGamePromptView.swift */ = {isa = PBXFileReference; fileEncoding = 4; lastKnownFileType = sourcecode.swift; path = PongPreGamePromptView.swift; sourceTree = "<group>"; };
		8B46928D201527D2004448C9 /* GameTimeCompliant.swift */ = {isa = PBXFileReference; lastKnownFileType = sourcecode.swift; path = GameTimeCompliant.swift; sourceTree = "<group>"; };
		8B5D64A61FD2172E009A97E0 /* GameOverPromptDelegate.swift */ = {isa = PBXFileReference; lastKnownFileType = sourcecode.swift; path = GameOverPromptDelegate.swift; sourceTree = "<group>"; };
		8B64AFB41FCB3D3400C82833 /* Double+Rounder.swift */ = {isa = PBXFileReference; lastKnownFileType = sourcecode.swift; path = "Double+Rounder.swift"; sourceTree = "<group>"; };
		8B64AFB61FCB4D4A00C82833 /* GameOverPromptView.swift */ = {isa = PBXFileReference; lastKnownFileType = sourcecode.swift; path = GameOverPromptView.swift; sourceTree = "<group>"; };
		8B73F94A203CA256008DC3A8 /* WaterTapGameScene.swift */ = {isa = PBXFileReference; lastKnownFileType = sourcecode.swift; path = WaterTapGameScene.swift; sourceTree = "<group>"; };
		8B73F94C203CA26C008DC3A8 /* WaterTapPreGamePromptView.swift */ = {isa = PBXFileReference; lastKnownFileType = sourcecode.swift; path = WaterTapPreGamePromptView.swift; sourceTree = "<group>"; };
		8B73F950203CA295008DC3A8 /* WaterTapGameViewController.swift */ = {isa = PBXFileReference; fileEncoding = 4; lastKnownFileType = sourcecode.swift; path = WaterTapGameViewController.swift; sourceTree = "<group>"; };
		8BCFECFE1FFEA36800B418D7 /* PopUpViewAnimation.swift */ = {isa = PBXFileReference; lastKnownFileType = sourcecode.swift; path = PopUpViewAnimation.swift; sourceTree = "<group>"; };
		8BD8E673200822A900ED2BDF /* PacmanPreGamePromptView.swift */ = {isa = PBXFileReference; lastKnownFileType = sourcecode.swift; path = PacmanPreGamePromptView.swift; sourceTree = "<group>"; };
		8BD8E6752008233200ED2BDF /* PreGamePromptDelegate.swift */ = {isa = PBXFileReference; lastKnownFileType = sourcecode.swift; path = PreGamePromptDelegate.swift; sourceTree = "<group>"; };
		8BD8E677200828DC00ED2BDF /* PreGamePromptView.swift */ = {isa = PBXFileReference; lastKnownFileType = sourcecode.swift; path = PreGamePromptView.swift; sourceTree = "<group>"; };
		8BD93771202396C50056DEEA /* CircleBalanceGameViewController.swift */ = {isa = PBXFileReference; lastKnownFileType = sourcecode.swift; path = CircleBalanceGameViewController.swift; sourceTree = "<group>"; };
		8BD93773202397080056DEEA /* CircleBalanceGameScene.swift */ = {isa = PBXFileReference; lastKnownFileType = sourcecode.swift; path = CircleBalanceGameScene.swift; sourceTree = "<group>"; };
		8BD937752023982A0056DEEA /* CircleBalancePreGamePromptView.swift */ = {isa = PBXFileReference; lastKnownFileType = sourcecode.swift; path = CircleBalancePreGamePromptView.swift; sourceTree = "<group>"; };
		8BE8663D205221C900DC32E4 /* UIDevice+Sizes.swift */ = {isa = PBXFileReference; lastKnownFileType = sourcecode.swift; path = "UIDevice+Sizes.swift"; sourceTree = "<group>"; };
		8BF266671FFEF37100DCCA80 /* PopUpPresentationController.swift */ = {isa = PBXFileReference; lastKnownFileType = sourcecode.swift; path = PopUpPresentationController.swift; sourceTree = "<group>"; };
		A01A0A691FF6C9A6005DAB37 /* WorkoutTableViewCell.swift */ = {isa = PBXFileReference; lastKnownFileType = sourcecode.swift; path = WorkoutTableViewCell.swift; sourceTree = "<group>"; };
		A030C8CA1FC75B97006F591D /* GameOverDelegate.swift */ = {isa = PBXFileReference; lastKnownFileType = sourcecode.swift; path = GameOverDelegate.swift; sourceTree = "<group>"; };
		A030C8CC1FC763E3006F591D /* CoreDataCompliant.swift */ = {isa = PBXFileReference; lastKnownFileType = sourcecode.swift; path = CoreDataCompliant.swift; sourceTree = "<group>"; };
		A030F3241FB399D800658AA3 /* Game.swift */ = {isa = PBXFileReference; lastKnownFileType = sourcecode.swift; path = Game.swift; sourceTree = "<group>"; };
		A030F3261FB3A5B400658AA3 /* GameMenuCell.swift */ = {isa = PBXFileReference; lastKnownFileType = sourcecode.swift; path = GameMenuCell.swift; sourceTree = "<group>"; };
		A031461C2040C43F00EAD098 /* WorkoutDetailViewController.swift */ = {isa = PBXFileReference; lastKnownFileType = sourcecode.swift; path = WorkoutDetailViewController.swift; sourceTree = "<group>"; };
		A0421F1B1FF6D5D100B44AC3 /* Constants.swift */ = {isa = PBXFileReference; fileEncoding = 4; lastKnownFileType = sourcecode.swift; path = Constants.swift; sourceTree = "<group>"; };
		A0570D1F1FF41AB1001CAD79 /* LowPassFilterSignal.swift */ = {isa = PBXFileReference; fileEncoding = 4; lastKnownFileType = sourcecode.swift; path = LowPassFilterSignal.swift; sourceTree = "<group>"; };
		A07C5D5A1FBF5AAB00A9A6F8 /* AudioEngine.swift */ = {isa = PBXFileReference; lastKnownFileType = sourcecode.swift; path = AudioEngine.swift; sourceTree = "<group>"; };
		A07C5D5C1FBF605200A9A6F8 /* BalancePath.swift */ = {isa = PBXFileReference; lastKnownFileType = sourcecode.swift; path = BalancePath.swift; sourceTree = "<group>"; };
		A084634220475D44000C3FB7 /* AxisValueFormatter.swift */ = {isa = PBXFileReference; lastKnownFileType = sourcecode.swift; path = AxisValueFormatter.swift; sourceTree = "<group>"; };
		A09ABEE8203CA89500AF649E /* HistoryViewController.swift */ = {isa = PBXFileReference; lastKnownFileType = sourcecode.swift; path = HistoryViewController.swift; sourceTree = "<group>"; };
		A09ABEEA203CA99D00AF649E /* CalendarCell.swift */ = {isa = PBXFileReference; lastKnownFileType = sourcecode.swift; path = CalendarCell.swift; sourceTree = "<group>"; };
		A0B62FBD1FC73F180018151B /* CoreDataWrapper.swift */ = {isa = PBXFileReference; lastKnownFileType = sourcecode.swift; path = CoreDataWrapper.swift; sourceTree = "<group>"; };
		A0B62FC01FC73FE50018151B /* MannFit.xcdatamodel */ = {isa = PBXFileReference; lastKnownFileType = wrapper.xcdatamodel; path = MannFit.xcdatamodel; sourceTree = "<group>"; };
		A0B62FCA1FC742B50018151B /* WorkoutItem+CoreDataClass.swift */ = {isa = PBXFileReference; lastKnownFileType = sourcecode.swift; path = "WorkoutItem+CoreDataClass.swift"; sourceTree = "<group>"; };
		A0B62FCB1FC742B50018151B /* WorkoutItem+CoreDataProperties.swift */ = {isa = PBXFileReference; lastKnownFileType = sourcecode.swift; path = "WorkoutItem+CoreDataProperties.swift"; sourceTree = "<group>"; };
		A0B62FCF1FC7434C0018151B /* GameDataSource.swift */ = {isa = PBXFileReference; lastKnownFileType = sourcecode.swift; path = GameDataSource.swift; sourceTree = "<group>"; };
		A0B666461FBE1A2600A125FD /* pacman_beginning.wav */ = {isa = PBXFileReference; lastKnownFileType = audio.wav; path = pacman_beginning.wav; sourceTree = "<group>"; };
		A0C0589A1FF5A265006169E6 /* WorkoutHistoryViewController.swift */ = {isa = PBXFileReference; lastKnownFileType = sourcecode.swift; path = WorkoutHistoryViewController.swift; sourceTree = "<group>"; };
		A0ED3F822066D5E3009494D1 /* FilterWorkoutTableViewCell.swift */ = {isa = PBXFileReference; lastKnownFileType = sourcecode.swift; path = FilterWorkoutTableViewCell.swift; sourceTree = "<group>"; };
		A0ED3F842066D5F7009494D1 /* FilterWorkoutTableViewController.swift */ = {isa = PBXFileReference; lastKnownFileType = sourcecode.swift; path = FilterWorkoutTableViewController.swift; sourceTree = "<group>"; };
		A0ED3F862066D66F009494D1 /* Workouts.swift */ = {isa = PBXFileReference; lastKnownFileType = sourcecode.swift; path = Workouts.swift; sourceTree = "<group>"; };
/* End PBXFileReference section */

/* Begin PBXFrameworksBuildPhase section */
		6838406D1FA7844F00889E75 /* Frameworks */ = {
			isa = PBXFrameworksBuildPhase;
			buildActionMask = 2147483647;
			files = (
				6E453710D588EBF5C04BBF3C /* Pods_MannFit.framework in Frameworks */,
			);
			runOnlyForDeploymentPostprocessing = 0;
		};
/* End PBXFrameworksBuildPhase section */

/* Begin PBXGroup section */
		683840671FA7844F00889E75 = {
			isa = PBXGroup;
			children = (
				683840721FA7844F00889E75 /* MannFit */,
				683840711FA7844F00889E75 /* Products */,
				858483105272E8EC381C2007 /* Pods */,
				812E0A43702F113C1AD21DFA /* Frameworks */,
			);
			sourceTree = "<group>";
		};
		683840711FA7844F00889E75 /* Products */ = {
			isa = PBXGroup;
			children = (
				683840701FA7844F00889E75 /* MannFit.app */,
			);
			name = Products;
			sourceTree = "<group>";
		};
		683840721FA7844F00889E75 /* MannFit */ = {
			isa = PBXGroup;
			children = (
				8B64AFB31FCB3CFD00C82833 /* Helpers */,
				A0B62FCE1FC743380018151B /* Data */,
				A0B62FBC1FC73EF50018151B /* Core Data */,
				A030F3231FB399C500658AA3 /* Model */,
				68FE5CDB1FB0D82200D2E6FA /* Tab Bar */,
				68FE5CDA1FB0D7BD00D2E6FA /* Game */,
				68FE5CD91FB0D7B300D2E6FA /* Resources */,
				683840851FA7845000889E75 /* Info.plist */,
				683840731FA7844F00889E75 /* AppDelegate.swift */,
			);
			path = MannFit;
			sourceTree = "<group>";
		};
		68FE5CD91FB0D7B300D2E6FA /* Resources */ = {
			isa = PBXGroup;
			children = (
				68C8841B1FCC838C008D3FE6 /* requiem.mp3 */,
				A0B666461FBE1A2600A125FD /* pacman_beginning.wav */,
				6838407D1FA7845000889E75 /* Main.storyboard */,
				683840801FA7845000889E75 /* Assets.xcassets */,
				683840821FA7845000889E75 /* LaunchScreen.storyboard */,
			);
			path = Resources;
			sourceTree = "<group>";
		};
		68FE5CDA1FB0D7BD00D2E6FA /* Game */ = {
			isa = PBXGroup;
			children = (
				8B385536205459C200EFD228 /* Pong */,
				8B73F947203CA02D008DC3A8 /* WaterTap */,
				8BD937702023968A0056DEEA /* Circle */,
				8B2A1DDB201972110031B7EE /* Testing */,
				8B2A1DD9201971E30031B7EE /* PacmanPath */,
				8BD8E677200828DC00ED2BDF /* PreGamePromptView.swift */,
				8B196ABE2069557600E5A857 /* PrePromptComponents.swift */,
				A030C8CA1FC75B97006F591D /* GameOverDelegate.swift */,
				8B64AFB61FCB4D4A00C82833 /* GameOverPromptView.swift */,
				8B5D64A61FD2172E009A97E0 /* GameOverPromptDelegate.swift */,
				8BD8E6752008233200ED2BDF /* PreGamePromptDelegate.swift */,
				8B46928D201527D2004448C9 /* GameTimeCompliant.swift */,
				8B196AC020698ECD00E5A857 /* GameApparatusCompliant.swift */,
			);
			path = Game;
			sourceTree = "<group>";
		};
		68FE5CDB1FB0D82200D2E6FA /* Tab Bar */ = {
			isa = PBXGroup;
			children = (
				68FE5CDC1FB0D82F00D2E6FA /* GameCollectionViewController.swift */,
				8B1CC4361FF424D000C6180F /* SettingsTableViewController.swift */,
				A0C0589A1FF5A265006169E6 /* WorkoutHistoryViewController.swift */,
				A031461C2040C43F00EAD098 /* WorkoutDetailViewController.swift */,
				A09ABEE8203CA89500AF649E /* HistoryViewController.swift */,
				A0ED3F842066D5F7009494D1 /* FilterWorkoutTableViewController.swift */,
			);
			path = "Tab Bar";
			sourceTree = "<group>";
		};
		812E0A43702F113C1AD21DFA /* Frameworks */ = {
			isa = PBXGroup;
			children = (
				8A4E1EFC07F0C694D099C760 /* Pods_MannFit.framework */,
			);
			name = Frameworks;
			sourceTree = "<group>";
		};
		858483105272E8EC381C2007 /* Pods */ = {
			isa = PBXGroup;
			children = (
				64FC5197976AE1489ABB6EE7 /* Pods-MannFit.debug.xcconfig */,
				23B27F448DAE4984FE43AE07 /* Pods-MannFit.release.xcconfig */,
			);
			name = Pods;
			sourceTree = "<group>";
		};
		8B2A1DD9201971E30031B7EE /* PacmanPath */ = {
			isa = PBXGroup;
			children = (
				A07C5D5C1FBF605200A9A6F8 /* BalancePath.swift */,
				8BD8E673200822A900ED2BDF /* PacmanPreGamePromptView.swift */,
				683840791FA7844F00889E75 /* PacManGameScene.swift */,
				6838407B1FA7844F00889E75 /* PacManGameViewController.swift */,
			);
			path = PacmanPath;
			sourceTree = "<group>";
		};
		8B2A1DDB201972110031B7EE /* Testing */ = {
			isa = PBXGroup;
			children = (
				8B2A1DDC201972270031B7EE /* TestingGameViewController.swift */,
				8B2A1DDE2019730D0031B7EE /* TestingGameScene.swift */,
				8B2A1DE0201979540031B7EE /* TestingPreGamePromptView.swift */,
				8B1EB875201BCD47008C6779 /* ExportDataDelegate.swift */,
			);
			path = Testing;
			sourceTree = "<group>";
		};
		8B385536205459C200EFD228 /* Pong */ = {
			isa = PBXGroup;
			children = (
				8B38553720545A3000EFD228 /* PongGameScene.swift */,
				8B38553820545A3000EFD228 /* PongGameViewController.swift */,
				8B38553920545A3000EFD228 /* PongPreGamePromptView.swift */,
			);
			path = Pong;
			sourceTree = "<group>";
		};
		8B64AFB31FCB3CFD00C82833 /* Helpers */ = {
			isa = PBXGroup;
			children = (
				8B64AFB41FCB3D3400C82833 /* Double+Rounder.swift */,
				A0570D1F1FF41AB1001CAD79 /* LowPassFilterSignal.swift */,
				A0421F1B1FF6D5D100B44AC3 /* Constants.swift */,
				8B814FE31FFF02AC00B5493E /* PopUp */,
				8BE8663D205221C900DC32E4 /* UIDevice+Sizes.swift */,
			);
			path = Helpers;
			sourceTree = "<group>";
		};
		8B73F947203CA02D008DC3A8 /* WaterTap */ = {
			isa = PBXGroup;
			children = (
				8B73F950203CA295008DC3A8 /* WaterTapGameViewController.swift */,
				8B73F94A203CA256008DC3A8 /* WaterTapGameScene.swift */,
				8B73F94C203CA26C008DC3A8 /* WaterTapPreGamePromptView.swift */,
			);
			path = WaterTap;
			sourceTree = "<group>";
		};
		8B814FE31FFF02AC00B5493E /* PopUp */ = {
			isa = PBXGroup;
			children = (
				8BCFECFE1FFEA36800B418D7 /* PopUpViewAnimation.swift */,
				8BF266671FFEF37100DCCA80 /* PopUpPresentationController.swift */,
				8B28E00A1FFD5DFA0059FE6F /* PopUpViewController.swift */,
			);
			path = PopUp;
			sourceTree = "<group>";
		};
		8BD937702023968A0056DEEA /* Circle */ = {
			isa = PBXGroup;
			children = (
				8BD93771202396C50056DEEA /* CircleBalanceGameViewController.swift */,
				8BD93773202397080056DEEA /* CircleBalanceGameScene.swift */,
				8BD937752023982A0056DEEA /* CircleBalancePreGamePromptView.swift */,
			);
			path = Circle;
			sourceTree = "<group>";
		};
		A030F3231FB399C500658AA3 /* Model */ = {
			isa = PBXGroup;
			children = (
				A030F3241FB399D800658AA3 /* Game.swift */,
				A030F3261FB3A5B400658AA3 /* GameMenuCell.swift */,
				A09ABEEA203CA99D00AF649E /* CalendarCell.swift */,
				A07C5D5A1FBF5AAB00A9A6F8 /* AudioEngine.swift */,
			);
			path = Model;
			sourceTree = "<group>";
		};
		A0B62FBC1FC73EF50018151B /* Core Data */ = {
			isa = PBXGroup;
			children = (
				A030C8CC1FC763E3006F591D /* CoreDataCompliant.swift */,
				A0B62FCA1FC742B50018151B /* WorkoutItem+CoreDataClass.swift */,
				A0B62FCB1FC742B50018151B /* WorkoutItem+CoreDataProperties.swift */,
				A0B62FBD1FC73F180018151B /* CoreDataWrapper.swift */,
				A0B62FBF1FC73FE50018151B /* MannFit.xcdatamodeld */,
			);
			path = "Core Data";
			sourceTree = "<group>";
		};
		A0B62FCE1FC743380018151B /* Data */ = {
			isa = PBXGroup;
			children = (
				A0B62FCF1FC7434C0018151B /* GameDataSource.swift */,
				A01A0A691FF6C9A6005DAB37 /* WorkoutTableViewCell.swift */,
				A084634220475D44000C3FB7 /* AxisValueFormatter.swift */,
				A0ED3F822066D5E3009494D1 /* FilterWorkoutTableViewCell.swift */,
				A0ED3F862066D66F009494D1 /* Workouts.swift */,
			);
			path = Data;
			sourceTree = "<group>";
		};
/* End PBXGroup section */

/* Begin PBXNativeTarget section */
		6838406F1FA7844F00889E75 /* MannFit */ = {
			isa = PBXNativeTarget;
			buildConfigurationList = 683840881FA7845000889E75 /* Build configuration list for PBXNativeTarget "MannFit" */;
			buildPhases = (
				90A1FE72BDAF90178A6980F9 /* [CP] Check Pods Manifest.lock */,
				6838406C1FA7844F00889E75 /* Sources */,
				6838406D1FA7844F00889E75 /* Frameworks */,
				6838406E1FA7844F00889E75 /* Resources */,
				2BE90F41AC93F4C7FC8B49C0 /* [CP] Embed Pods Frameworks */,
				1138B73DF3255C1F3796A7AC /* [CP] Copy Pods Resources */,
			);
			buildRules = (
			);
			dependencies = (
			);
			name = MannFit;
			productName = MannFit;
			productReference = 683840701FA7844F00889E75 /* MannFit.app */;
			productType = "com.apple.product-type.application";
		};
/* End PBXNativeTarget section */

/* Begin PBXProject section */
		683840681FA7844F00889E75 /* Project object */ = {
			isa = PBXProject;
			attributes = {
				LastSwiftUpdateCheck = 0900;
				LastUpgradeCheck = 0900;
				ORGANIZATIONNAME = "MannFit Labs";
				TargetAttributes = {
					6838406F1FA7844F00889E75 = {
						CreatedOnToolsVersion = 9.0.1;
						ProvisioningStyle = Automatic;
					};
				};
			};
			buildConfigurationList = 6838406B1FA7844F00889E75 /* Build configuration list for PBXProject "MannFit" */;
			compatibilityVersion = "Xcode 8.0";
			developmentRegion = en;
			hasScannedForEncodings = 0;
			knownRegions = (
				en,
				Base,
			);
			mainGroup = 683840671FA7844F00889E75;
			productRefGroup = 683840711FA7844F00889E75 /* Products */;
			projectDirPath = "";
			projectRoot = "";
			targets = (
				6838406F1FA7844F00889E75 /* MannFit */,
			);
		};
/* End PBXProject section */

/* Begin PBXResourcesBuildPhase section */
		6838406E1FA7844F00889E75 /* Resources */ = {
			isa = PBXResourcesBuildPhase;
			buildActionMask = 2147483647;
			files = (
				68C8841C1FCC838C008D3FE6 /* requiem.mp3 in Resources */,
				A0B666471FBE1A2600A125FD /* pacman_beginning.wav in Resources */,
				6838407F1FA7845000889E75 /* Main.storyboard in Resources */,
				683840811FA7845000889E75 /* Assets.xcassets in Resources */,
				683840841FA7845000889E75 /* LaunchScreen.storyboard in Resources */,
			);
			runOnlyForDeploymentPostprocessing = 0;
		};
/* End PBXResourcesBuildPhase section */

/* Begin PBXShellScriptBuildPhase section */
		1138B73DF3255C1F3796A7AC /* [CP] Copy Pods Resources */ = {
			isa = PBXShellScriptBuildPhase;
			buildActionMask = 2147483647;
			files = (
			);
			inputPaths = (
			);
			name = "[CP] Copy Pods Resources";
			outputPaths = (
			);
			runOnlyForDeploymentPostprocessing = 0;
			shellPath = /bin/sh;
			shellScript = "\"${SRCROOT}/Pods/Target Support Files/Pods-MannFit/Pods-MannFit-resources.sh\"\n";
			showEnvVarsInLog = 0;
		};
		2BE90F41AC93F4C7FC8B49C0 /* [CP] Embed Pods Frameworks */ = {
			isa = PBXShellScriptBuildPhase;
			buildActionMask = 2147483647;
			files = (
			);
			inputPaths = (
				"${SRCROOT}/Pods/Target Support Files/Pods-MannFit/Pods-MannFit-frameworks.sh",
				"${BUILT_PRODUCTS_DIR}/Charts/Charts.framework",
				"${BUILT_PRODUCTS_DIR}/JTAppleCalendar/JTAppleCalendar.framework",
			);
			name = "[CP] Embed Pods Frameworks";
			outputPaths = (
				"${TARGET_BUILD_DIR}/${FRAMEWORKS_FOLDER_PATH}/Charts.framework",
				"${TARGET_BUILD_DIR}/${FRAMEWORKS_FOLDER_PATH}/JTAppleCalendar.framework",
			);
			runOnlyForDeploymentPostprocessing = 0;
			shellPath = /bin/sh;
			shellScript = "\"${SRCROOT}/Pods/Target Support Files/Pods-MannFit/Pods-MannFit-frameworks.sh\"\n";
			showEnvVarsInLog = 0;
		};
		90A1FE72BDAF90178A6980F9 /* [CP] Check Pods Manifest.lock */ = {
			isa = PBXShellScriptBuildPhase;
			buildActionMask = 2147483647;
			files = (
			);
			inputPaths = (
				"${PODS_PODFILE_DIR_PATH}/Podfile.lock",
				"${PODS_ROOT}/Manifest.lock",
			);
			name = "[CP] Check Pods Manifest.lock";
			outputPaths = (
				"$(DERIVED_FILE_DIR)/Pods-MannFit-checkManifestLockResult.txt",
			);
			runOnlyForDeploymentPostprocessing = 0;
			shellPath = /bin/sh;
			shellScript = "diff \"${PODS_PODFILE_DIR_PATH}/Podfile.lock\" \"${PODS_ROOT}/Manifest.lock\" > /dev/null\nif [ $? != 0 ] ; then\n    # print error to STDERR\n    echo \"error: The sandbox is not in sync with the Podfile.lock. Run 'pod install' or update your CocoaPods installation.\" >&2\n    exit 1\nfi\n# This output is used by Xcode 'outputs' to avoid re-running this script phase.\necho \"SUCCESS\" > \"${SCRIPT_OUTPUT_FILE_0}\"\n";
			showEnvVarsInLog = 0;
		};
/* End PBXShellScriptBuildPhase section */

/* Begin PBXSourcesBuildPhase section */
		6838406C1FA7844F00889E75 /* Sources */ = {
			isa = PBXSourcesBuildPhase;
			buildActionMask = 2147483647;
			files = (
				8B73F94D203CA26C008DC3A8 /* WaterTapPreGamePromptView.swift in Sources */,
				A084634320475D44000C3FB7 /* AxisValueFormatter.swift in Sources */,
				6838407A1FA7844F00889E75 /* PacManGameScene.swift in Sources */,
				A0B62FCC1FC742B50018151B /* WorkoutItem+CoreDataClass.swift in Sources */,
				A07C5D5B1FBF5AAB00A9A6F8 /* AudioEngine.swift in Sources */,
				A0B62FBE1FC73F180018151B /* CoreDataWrapper.swift in Sources */,
				8BD8E674200822A900ED2BDF /* PacmanPreGamePromptView.swift in Sources */,
				8B64AFB51FCB3D3400C82833 /* Double+Rounder.swift in Sources */,
				A030C8CB1FC75B97006F591D /* GameOverDelegate.swift in Sources */,
				8B196AC120698ECD00E5A857 /* GameApparatusCompliant.swift in Sources */,
				8B2A1DE1201979540031B7EE /* TestingPreGamePromptView.swift in Sources */,
				8B5D64A71FD2172E009A97E0 /* GameOverPromptDelegate.swift in Sources */,
				A0ED3F872066D66F009494D1 /* Workouts.swift in Sources */,
				8B28E00B1FFD5DFA0059FE6F /* PopUpViewController.swift in Sources */,
				A0B62FD01FC7434C0018151B /* GameDataSource.swift in Sources */,
				8BD93774202397080056DEEA /* CircleBalanceGameScene.swift in Sources */,
				8B46928E201527D2004448C9 /* GameTimeCompliant.swift in Sources */,
				8B1EB876201BCD47008C6779 /* ExportDataDelegate.swift in Sources */,
				8BCFECFF1FFEA36800B418D7 /* PopUpViewAnimation.swift in Sources */,
				8B73F951203CA296008DC3A8 /* WaterTapGameViewController.swift in Sources */,
				A0B62FC11FC73FE50018151B /* MannFit.xcdatamodeld in Sources */,
				A030F3251FB399D800658AA3 /* Game.swift in Sources */,
				A030F3271FB3A5B400658AA3 /* GameMenuCell.swift in Sources */,
				A0ED3F832066D5E3009494D1 /* FilterWorkoutTableViewCell.swift in Sources */,
				8B196ABF2069557600E5A857 /* PrePromptComponents.swift in Sources */,
				6838407C1FA7844F00889E75 /* PacManGameViewController.swift in Sources */,
				A0B62FCD1FC742B50018151B /* WorkoutItem+CoreDataProperties.swift in Sources */,
				8BE8663E205221C900DC32E4 /* UIDevice+Sizes.swift in Sources */,
				8BD8E6762008233200ED2BDF /* PreGamePromptDelegate.swift in Sources */,
				68FE5CDD1FB0D82F00D2E6FA /* GameCollectionViewController.swift in Sources */,
				8BD937762023982A0056DEEA /* CircleBalancePreGamePromptView.swift in Sources */,
				8BF266681FFEF37100DCCA80 /* PopUpPresentationController.swift in Sources */,
				683840741FA7844F00889E75 /* AppDelegate.swift in Sources */,
				8B73F94B203CA256008DC3A8 /* WaterTapGameScene.swift in Sources */,
				8B38553B20545A3000EFD228 /* PongGameViewController.swift in Sources */,
				A01A0A6A1FF6C9A6005DAB37 /* WorkoutTableViewCell.swift in Sources */,
				A0C0589B1FF5A265006169E6 /* WorkoutHistoryViewController.swift in Sources */,
				8BD93772202396C50056DEEA /* CircleBalanceGameViewController.swift in Sources */,
				8B2A1DDF2019730D0031B7EE /* TestingGameScene.swift in Sources */,
				A0570D201FF41AB1001CAD79 /* LowPassFilterSignal.swift in Sources */,
				8B1CC4371FF424D000C6180F /* SettingsTableViewController.swift in Sources */,
				A031461D2040C43F00EAD098 /* WorkoutDetailViewController.swift in Sources */,
				A030C8CD1FC763E3006F591D /* CoreDataCompliant.swift in Sources */,
				8BD8E678200828DC00ED2BDF /* PreGamePromptView.swift in Sources */,
				A0ED3F852066D5F7009494D1 /* FilterWorkoutTableViewController.swift in Sources */,
				8B38553C20545A3000EFD228 /* PongPreGamePromptView.swift in Sources */,
				8B38553A20545A3000EFD228 /* PongGameScene.swift in Sources */,
				8B64AFB71FCB4D4A00C82833 /* GameOverPromptView.swift in Sources */,
				A07C5D5D1FBF605200A9A6F8 /* BalancePath.swift in Sources */,
				A09ABEE9203CA89500AF649E /* HistoryViewController.swift in Sources */,
				8B2A1DDD201972270031B7EE /* TestingGameViewController.swift in Sources */,
				A09ABEEB203CA99D00AF649E /* CalendarCell.swift in Sources */,
				A0421F1C1FF6D5D200B44AC3 /* Constants.swift in Sources */,
			);
			runOnlyForDeploymentPostprocessing = 0;
		};
/* End PBXSourcesBuildPhase section */

/* Begin PBXVariantGroup section */
		6838407D1FA7845000889E75 /* Main.storyboard */ = {
			isa = PBXVariantGroup;
			children = (
				6838407E1FA7845000889E75 /* Base */,
			);
			name = Main.storyboard;
			sourceTree = "<group>";
		};
		683840821FA7845000889E75 /* LaunchScreen.storyboard */ = {
			isa = PBXVariantGroup;
			children = (
				683840831FA7845000889E75 /* Base */,
			);
			name = LaunchScreen.storyboard;
			sourceTree = "<group>";
		};
/* End PBXVariantGroup section */

/* Begin XCBuildConfiguration section */
		683840861FA7845000889E75 /* Debug */ = {
			isa = XCBuildConfiguration;
			buildSettings = {
				ALWAYS_SEARCH_USER_PATHS = NO;
				CLANG_ANALYZER_NONNULL = YES;
				CLANG_ANALYZER_NUMBER_OBJECT_CONVERSION = YES_AGGRESSIVE;
				CLANG_CXX_LANGUAGE_STANDARD = "gnu++14";
				CLANG_CXX_LIBRARY = "libc++";
				CLANG_ENABLE_MODULES = YES;
				CLANG_ENABLE_OBJC_ARC = YES;
				CLANG_WARN_BLOCK_CAPTURE_AUTORELEASING = YES;
				CLANG_WARN_BOOL_CONVERSION = YES;
				CLANG_WARN_COMMA = YES;
				CLANG_WARN_CONSTANT_CONVERSION = YES;
				CLANG_WARN_DIRECT_OBJC_ISA_USAGE = YES_ERROR;
				CLANG_WARN_DOCUMENTATION_COMMENTS = YES;
				CLANG_WARN_EMPTY_BODY = YES;
				CLANG_WARN_ENUM_CONVERSION = YES;
				CLANG_WARN_INFINITE_RECURSION = YES;
				CLANG_WARN_INT_CONVERSION = YES;
				CLANG_WARN_NON_LITERAL_NULL_CONVERSION = YES;
				CLANG_WARN_OBJC_LITERAL_CONVERSION = YES;
				CLANG_WARN_OBJC_ROOT_CLASS = YES_ERROR;
				CLANG_WARN_RANGE_LOOP_ANALYSIS = YES;
				CLANG_WARN_STRICT_PROTOTYPES = YES;
				CLANG_WARN_SUSPICIOUS_MOVE = YES;
				CLANG_WARN_UNGUARDED_AVAILABILITY = YES_AGGRESSIVE;
				CLANG_WARN_UNREACHABLE_CODE = YES;
				CLANG_WARN__DUPLICATE_METHOD_MATCH = YES;
				CODE_SIGN_IDENTITY = "iPhone Developer";
				COPY_PHASE_STRIP = NO;
				DEBUG_INFORMATION_FORMAT = dwarf;
				ENABLE_STRICT_OBJC_MSGSEND = YES;
				ENABLE_TESTABILITY = YES;
				GCC_C_LANGUAGE_STANDARD = gnu11;
				GCC_DYNAMIC_NO_PIC = NO;
				GCC_NO_COMMON_BLOCKS = YES;
				GCC_OPTIMIZATION_LEVEL = 0;
				GCC_PREPROCESSOR_DEFINITIONS = (
					"DEBUG=1",
					"$(inherited)",
				);
				GCC_WARN_64_TO_32_BIT_CONVERSION = YES;
				GCC_WARN_ABOUT_RETURN_TYPE = YES_ERROR;
				GCC_WARN_UNDECLARED_SELECTOR = YES;
				GCC_WARN_UNINITIALIZED_AUTOS = YES_AGGRESSIVE;
				GCC_WARN_UNUSED_FUNCTION = YES;
				GCC_WARN_UNUSED_VARIABLE = YES;
				IPHONEOS_DEPLOYMENT_TARGET = 11.0;
				MTL_ENABLE_DEBUG_INFO = YES;
				ONLY_ACTIVE_ARCH = YES;
				SDKROOT = iphoneos;
				SWIFT_ACTIVE_COMPILATION_CONDITIONS = DEBUG;
				SWIFT_OPTIMIZATION_LEVEL = "-Onone";
			};
			name = Debug;
		};
		683840871FA7845000889E75 /* Release */ = {
			isa = XCBuildConfiguration;
			buildSettings = {
				ALWAYS_SEARCH_USER_PATHS = NO;
				CLANG_ANALYZER_NONNULL = YES;
				CLANG_ANALYZER_NUMBER_OBJECT_CONVERSION = YES_AGGRESSIVE;
				CLANG_CXX_LANGUAGE_STANDARD = "gnu++14";
				CLANG_CXX_LIBRARY = "libc++";
				CLANG_ENABLE_MODULES = YES;
				CLANG_ENABLE_OBJC_ARC = YES;
				CLANG_WARN_BLOCK_CAPTURE_AUTORELEASING = YES;
				CLANG_WARN_BOOL_CONVERSION = YES;
				CLANG_WARN_COMMA = YES;
				CLANG_WARN_CONSTANT_CONVERSION = YES;
				CLANG_WARN_DIRECT_OBJC_ISA_USAGE = YES_ERROR;
				CLANG_WARN_DOCUMENTATION_COMMENTS = YES;
				CLANG_WARN_EMPTY_BODY = YES;
				CLANG_WARN_ENUM_CONVERSION = YES;
				CLANG_WARN_INFINITE_RECURSION = YES;
				CLANG_WARN_INT_CONVERSION = YES;
				CLANG_WARN_NON_LITERAL_NULL_CONVERSION = YES;
				CLANG_WARN_OBJC_LITERAL_CONVERSION = YES;
				CLANG_WARN_OBJC_ROOT_CLASS = YES_ERROR;
				CLANG_WARN_RANGE_LOOP_ANALYSIS = YES;
				CLANG_WARN_STRICT_PROTOTYPES = YES;
				CLANG_WARN_SUSPICIOUS_MOVE = YES;
				CLANG_WARN_UNGUARDED_AVAILABILITY = YES_AGGRESSIVE;
				CLANG_WARN_UNREACHABLE_CODE = YES;
				CLANG_WARN__DUPLICATE_METHOD_MATCH = YES;
				CODE_SIGN_IDENTITY = "iPhone Developer";
				COPY_PHASE_STRIP = NO;
				DEBUG_INFORMATION_FORMAT = "dwarf-with-dsym";
				ENABLE_NS_ASSERTIONS = NO;
				ENABLE_STRICT_OBJC_MSGSEND = YES;
				GCC_C_LANGUAGE_STANDARD = gnu11;
				GCC_NO_COMMON_BLOCKS = YES;
				GCC_WARN_64_TO_32_BIT_CONVERSION = YES;
				GCC_WARN_ABOUT_RETURN_TYPE = YES_ERROR;
				GCC_WARN_UNDECLARED_SELECTOR = YES;
				GCC_WARN_UNINITIALIZED_AUTOS = YES_AGGRESSIVE;
				GCC_WARN_UNUSED_FUNCTION = YES;
				GCC_WARN_UNUSED_VARIABLE = YES;
				IPHONEOS_DEPLOYMENT_TARGET = 11.0;
				MTL_ENABLE_DEBUG_INFO = NO;
				SDKROOT = iphoneos;
				SWIFT_OPTIMIZATION_LEVEL = "-Owholemodule";
				VALIDATE_PRODUCT = YES;
			};
			name = Release;
		};
		683840891FA7845000889E75 /* Debug */ = {
			isa = XCBuildConfiguration;
			baseConfigurationReference = 64FC5197976AE1489ABB6EE7 /* Pods-MannFit.debug.xcconfig */;
			buildSettings = {
				ASSETCATALOG_COMPILER_APPICON_NAME = AppIcon;
				CODE_SIGN_STYLE = Automatic;
				DEVELOPMENT_TEAM = M64S8VZKPQ;
				INFOPLIST_FILE = MannFit/Info.plist;
				LD_RUNPATH_SEARCH_PATHS = "$(inherited) @executable_path/Frameworks";
				PRODUCT_BUNDLE_IDENTIFIER = com.mannfitlabs.MannFitiOSs;
				PRODUCT_NAME = "$(TARGET_NAME)";
				SWIFT_VERSION = 4.0;
				TARGETED_DEVICE_FAMILY = "1,2";
			};
			name = Debug;
		};
		6838408A1FA7845000889E75 /* Release */ = {
			isa = XCBuildConfiguration;
			baseConfigurationReference = 23B27F448DAE4984FE43AE07 /* Pods-MannFit.release.xcconfig */;
			buildSettings = {
				ASSETCATALOG_COMPILER_APPICON_NAME = AppIcon;
				CODE_SIGN_STYLE = Automatic;
				DEVELOPMENT_TEAM = M64S8VZKPQ;
				INFOPLIST_FILE = MannFit/Info.plist;
				LD_RUNPATH_SEARCH_PATHS = "$(inherited) @executable_path/Frameworks";
				PRODUCT_BUNDLE_IDENTIFIER = com.mannfitlabs.MannFitiOSs;
				PRODUCT_NAME = "$(TARGET_NAME)";
				SWIFT_VERSION = 4.0;
				TARGETED_DEVICE_FAMILY = "1,2";
			};
			name = Release;
		};
/* End XCBuildConfiguration section */

/* Begin XCConfigurationList section */
		6838406B1FA7844F00889E75 /* Build configuration list for PBXProject "MannFit" */ = {
			isa = XCConfigurationList;
			buildConfigurations = (
				683840861FA7845000889E75 /* Debug */,
				683840871FA7845000889E75 /* Release */,
			);
			defaultConfigurationIsVisible = 0;
			defaultConfigurationName = Release;
		};
		683840881FA7845000889E75 /* Build configuration list for PBXNativeTarget "MannFit" */ = {
			isa = XCConfigurationList;
			buildConfigurations = (
				683840891FA7845000889E75 /* Debug */,
				6838408A1FA7845000889E75 /* Release */,
			);
			defaultConfigurationIsVisible = 0;
			defaultConfigurationName = Release;
		};
/* End XCConfigurationList section */

/* Begin XCVersionGroup section */
		A0B62FBF1FC73FE50018151B /* MannFit.xcdatamodeld */ = {
			isa = XCVersionGroup;
			children = (
				A0B62FC01FC73FE50018151B /* MannFit.xcdatamodel */,
			);
			currentVersion = A0B62FC01FC73FE50018151B /* MannFit.xcdatamodel */;
			path = MannFit.xcdatamodeld;
			sourceTree = "<group>";
			versionGroupType = wrapper.xcdatamodel;
		};
/* End XCVersionGroup section */
	};
	rootObject = 683840681FA7844F00889E75 /* Project object */;
}
